
Microsoft Visual Studio Solution File, Format Version 12.00
# Visual Studio Version 16
VisualStudioVersion = 16.0.30406.217
MinimumVisualStudioVersion = 10.0.40219.1
Project("{9A19103F-16F7-4668-BE54-9A1E7A4F7556}") = "HomeDevices", "HomeDevices.csproj", "{007A795D-936D-4D8C-8FFB-E9537FCF646E}"
EndProject
Project("{9A19103F-16F7-4668-BE54-9A1E7A4F7556}") = "HomeDevices.Core", "..\HomeDevices.Core\HomeDevices.Core.csproj", "{C7327E67-69FD-4AF7-81C7-C296C687A054}"
EndProject
Project("{FAE04EC0-301F-11D3-BF4B-00C04F79EFBC}") = "HomeDevices.Tests", "..\HomeDevices.Tests\HomeDevices.Tests.csproj", "{1412A4DA-F971-4380-BDF6-38BD4468EB11}"
EndProject
Global
	GlobalSection(SolutionConfigurationPlatforms) = preSolution
		Debug|Any CPU = Debug|Any CPU
		Release|Any CPU = Release|Any CPU
	EndGlobalSection
	GlobalSection(ProjectConfigurationPlatforms) = postSolution
		{007A795D-936D-4D8C-8FFB-E9537FCF646E}.Debug|Any CPU.ActiveCfg = Debug|Any CPU
		{007A795D-936D-4D8C-8FFB-E9537FCF646E}.Debug|Any CPU.Build.0 = Debug|Any CPU
		{007A795D-936D-4D8C-8FFB-E9537FCF646E}.Release|Any CPU.ActiveCfg = Release|Any CPU
		{007A795D-936D-4D8C-8FFB-E9537FCF646E}.Release|Any CPU.Build.0 = Release|Any CPU
		{C7327E67-69FD-4AF7-81C7-C296C687A054}.Debug|Any CPU.ActiveCfg = Debug|Any CPU
		{C7327E67-69FD-4AF7-81C7-C296C687A054}.Debug|Any CPU.Build.0 = Debug|Any CPU
		{C7327E67-69FD-4AF7-81C7-C296C687A054}.Release|Any CPU.ActiveCfg = Release|Any CPU
		{C7327E67-69FD-4AF7-81C7-C296C687A054}.Release|Any CPU.Build.0 = Release|Any CPU
		{1412A4DA-F971-4380-BDF6-38BD4468EB11}.Debug|Any CPU.ActiveCfg = Debug|Any CPU
		{1412A4DA-F971-4380-BDF6-38BD4468EB11}.Debug|Any CPU.Build.0 = Debug|Any CPU
		{1412A4DA-F971-4380-BDF6-38BD4468EB11}.Release|Any CPU.ActiveCfg = Release|Any CPU
		{1412A4DA-F971-4380-BDF6-38BD4468EB11}.Release|Any CPU.Build.0 = Release|Any CPU
	EndGlobalSection
	GlobalSection(SolutionProperties) = preSolution
		HideSolutionNode = FALSE
	EndGlobalSection
	GlobalSection(ExtensibilityGlobals) = postSolution
		SolutionGuid = {36F655CE-C4A6-40B1-A16C-714B5CD1F074}
	EndGlobalSection
EndGlobal
